// !$*UTF8*$!
{
	archiveVersion = 1;
	classes = {
	};
	objectVersion = 56;
	objects = {

/* Begin PBXBuildFile section */
		A10000010000000000000001 /* SeafoodGuideApp.swift in Sources */ = {isa = PBXBuildFile; fileRef = A20000010000000000000001 /* SeafoodGuideApp.swift */; };
		A10000020000000000000001 /* Models.swift in Sources */ = {isa = PBXBuildFile; fileRef = A20000020000000000000001 /* Models.swift */; };
		A10000030000000000000001 /* GuideStore.swift in Sources */ = {isa = PBXBuildFile; fileRef = A20000030000000000000001 /* GuideStore.swift */; };
		A10000040000000000000001 /* Theme.swift in Sources */ = {isa = PBXBuildFile; fileRef = A20000040000000000000001 /* Theme.swift */; };
		A10000050000000000000001 /* GuideViews.swift in Sources */ = {isa = PBXBuildFile; fileRef = A20000050000000000000001 /* GuideViews.swift */; };
		A10000060000000000000001 /* SeafoodData.swift in Sources */ = {isa = PBXBuildFile; fileRef = A20000060000000000000001 /* SeafoodData.swift */; };
		A10000110000000000000001 /* Lingo/DataSource/ios-lingo.xml in Resources */ = {isa = PBXBuildFile; fileRef = A20000110000000000000001 /* Lingo/DataSource/ios-lingo.xml */; };
		A10000120000000000000001 /* Top 10/DataSource/ios-news.xml in Resources */ = {isa = PBXBuildFile; fileRef = A20000120000000000000001 /* Top 10/DataSource/ios-news.xml */; };
		A10000130000000000000001 /* About/DataSource/ios-about-1.xml in Resources */ = {isa = PBXBuildFile; fileRef = A20000130000000000000001 /* About/DataSource/ios-about-1.xml */; };
		A10000140000000000000001 /* About/DataSource/ios-about-2.xml in Resources */ = {isa = PBXBuildFile; fileRef = A20000140000000000000001 /* About/DataSource/ios-about-2.xml */; };
		A10000150000000000000001 /* About/DataSource/ios-about-3.xml in Resources */ = {isa = PBXBuildFile; fileRef = A20000150000000000000001 /* About/DataSource/ios-about-3.xml */; };
		A10000160000000000000001 /* PrivacyInfo.xcprivacy in Resources */ = {isa = PBXBuildFile; fileRef = A20000160000000000000001 /* PrivacyInfo.xcprivacy */; };
		FCDEA6C3303D34CF00FFCBC7 /* Appicon.icon in Resources */ = {isa = PBXBuildFile; fileRef = FCDEA6C2303D34CF00FFCBC7 /* Appicon.icon */; };
/* End PBXBuildFile section */

/* Begin PBXFileReference section */
		A20000010000000000000001 /* SeafoodGuideApp.swift */ = {isa = PBXFileReference; lastKnownFileType = sourcecode.swift; path = SeafoodGuideApp.swift; sourceTree = "<group>"; };
		A20000020000000000000001 /* Models.swift */ = {isa = PBXFileReference; lastKnownFileType = sourcecode.swift; path = Models.swift; sourceTree = "<group>"; };
		A20000030000000000000001 /* GuideStore.swift */ = {isa = PBXFileReference; lastKnownFileType = sourcecode.swift; path = GuideStore.swift; sourceTree = "<group>"; };
		A20000040000000000000001 /* Theme.swift */ = {isa = PBXFileReference; lastKnownFileType = sourcecode.swift; path = Theme.swift; sourceTree = "<group>"; };
		A20000050000000000000001 /* GuideViews.swift */ = {isa = PBXFileReference; lastKnownFileType = sourcecode.swift; path = GuideViews.swift; sourceTree = "<group>"; };
		A20000060000000000000001 /* SeafoodData.swift */ = {isa = PBXFileReference; lastKnownFileType = sourcecode.swift; path = SeafoodData.swift; sourceTree = "<group>"; };
		A20000110000000000000001 /* Lingo/DataSource/ios-lingo.xml */ = {isa = PBXFileReference; lastKnownFileType = text.xml; path = "Lingo/DataSource/ios-lingo.xml"; sourceTree = "<group>"; };
		A20000120000000000000001 /* Top 10/DataSource/ios-news.xml */ = {isa = PBXFileReference; lastKnownFileType = text.xml; path = "Top 10/DataSource/ios-news.xml"; sourceTree = "<group>"; };
		A20000130000000000000001 /* About/DataSource/ios-about-1.xml */ = {isa = PBXFileReference; lastKnownFileType = text.xml; path = "About/DataSource/ios-about-1.xml"; sourceTree = "<group>"; };
		A20000140000000000000001 /* About/DataSource/ios-about-2.xml */ = {isa = PBXFileReference; lastKnownFileType = text.xml; path = "About/DataSource/ios-about-2.xml"; sourceTree = "<group>"; };
		A20000150000000000000001 /* About/DataSource/ios-about-3.xml */ = {isa = PBXFileReference; lastKnownFileType = text.xml; path = "About/DataSource/ios-about-3.xml"; sourceTree = "<group>"; };
		A20000160000000000000001 /* PrivacyInfo.xcprivacy */ = {isa = PBXFileReference; lastKnownFileType = text.xml; path = PrivacyInfo.xcprivacy; sourceTree = "<group>"; };
		A20000200000000000000001 /* Seafood Guide.app */ = {isa = PBXFileReference; explicitFileType = wrapper.application; includeInIndex = 0; path = "Seafood Guide.app"; sourceTree = BUILT_PRODUCTS_DIR; };
		A20000210000000000000001 /* project.pbxproj */ = {isa = PBXFileReference; lastKnownFileType = text.pbxproj; path = project.pbxproj; sourceTree = "<group>"; };
		FCDEA6C2303D34CF00FFCBC7 /* Appicon.icon */ = {isa = PBXFileReference; lastKnownFileType = folder.iconcomposer.icon; path = Appicon.icon; sourceTree = "<group>"; };
/* End PBXFileReference section */

/* Begin PBXFrameworksBuildPhase section */
		A30000010000000000000001 /* Frameworks */ = {
			isa = PBXFrameworksBuildPhase;
			buildActionMask = 2147483647;
			files = (
			);
			runOnlyForDeploymentPostprocessing = 0;
		};
/* End PBXFrameworksBuildPhase section */

/* Begin PBXGroup section */
		A40000010000000000000001 = {
			isa = PBXGroup;
			children = (
				A40000020000000000000001 /* Seafood Guide */,
				A40000030000000000000001 /* Products */,
				A40000040000000000000001 /* Seafood Guide.xcodeproj */,
			);
			sourceTree = "<group>";
		};
		A40000020000000000000001 /* Seafood Guide */ = {
			isa = PBXGroup;
			children = (
				FCDEA6C2303D34CF00FFCBC7 /* Appicon.icon */,
				A20000010000000000000001 /* SeafoodGuideApp.swift */,
				A20000020000000000000001 /* Models.swift */,
				A20000030000000000000001 /* GuideStore.swift */,
				A20000040000000000000001 /* Theme.swift */,
				A20000050000000000000001 /* GuideViews.swift */,
				A20000060000000000000001 /* SeafoodData.swift */,
				A20000110000000000000001 /* Lingo/DataSource/ios-lingo.xml */,
				A20000120000000000000001 /* Top 10/DataSource/ios-news.xml */,
				A20000130000000000000001 /* About/DataSource/ios-about-1.xml */,
				A20000140000000000000001 /* About/DataSource/ios-about-2.xml */,
				A20000150000000000000001 /* About/DataSource/ios-about-3.xml */,
				A20000160000000000000001 /* PrivacyInfo.xcprivacy */,
			);
			path = "Seafood Guide";
			sourceTree = "<group>";
		};
		A40000030000000000000001 /* Products */ = {
			isa = PBXGroup;
			children = (
				A20000200000000000000001 /* Seafood Guide.app */,
			);
			name = Products;
			sourceTree = "<group>";
		};
		A40000040000000000000001 /* Seafood Guide.xcodeproj */ = {
			isa = PBXGroup;
			children = (
				A20000210000000000000001 /* project.pbxproj */,
			);
			name = "Seafood Guide.xcodeproj";
			path = .;
			sourceTree = "<group>";
		};
/* End PBXGroup section */

/* Begin PBXNativeTarget section */
		A50000010000000000000001 /* Seafood Guide */ = {
			isa = PBXNativeTarget;
			buildConfigurationList = A70000010000000000000001 /* Build configuration list for PBXNativeTarget "Seafood Guide" */;
			buildPhases = (
				A30000010000000000000001 /* Frameworks */,
				A30000020000000000000001 /* Resources */,
				A30000030000000000000001 /* Sources */,
			);
			buildRules = (
			);
			dependencies = (
			);
			name = "Seafood Guide";
			productName = "Seafood Guide";
			productReference = A20000200000000000000001 /* Seafood Guide.app */;
			productType = "com.apple.product-type.application";
		};
/* End PBXNativeTarget section */

/* Begin PBXProject section */
		A60000010000000000000001 /* Project object */ = {
			isa = PBXProject;
			attributes = {
				LastUpgradeCheck = 2600;
				TargetAttributes = {
					A50000010000000000000001 = {
						CreatedOnToolsVersion = 26.0;
					};
				};
			};
			buildConfigurationList = A70000020000000000000001 /* Build configuration list for PBXProject "Seafood Guide" */;
			compatibilityVersion = "Xcode 14.0";
			developmentRegion = en;
			hasScannedForEncodings = 0;
			knownRegions = (
				en,
				Base,
			);
			mainGroup = A40000010000000000000001;
			productRefGroup = A40000030000000000000001 /* Products */;
			projectDirPath = "";
			projectRoot = "";
			targets = (
				A50000010000000000000001 /* Seafood Guide */,
			);
		};
/* End PBXProject section */

/* Begin PBXResourcesBuildPhase section */
		A30000020000000000000001 /* Resources */ = {
			isa = PBXResourcesBuildPhase;
			buildActionMask = 2147483647;
			files = (
				A10000110000000000000001 /* Lingo/DataSource/ios-lingo.xml in Resources */,
				A10000120000000000000001 /* Top 10/DataSource/ios-news.xml in Resources */,
				A10000130000000000000001 /* About/DataSource/ios-about-1.xml in Resources */,
				FCDEA6C3303D34CF00FFCBC7 /* Appicon.icon in Resources */,
				A10000140000000000000001 /* About/DataSource/ios-about-2.xml in Resources */,
				A10000150000000000000001 /* About/DataSource/ios-about-3.xml in Resources */,
				A10000160000000000000001 /* PrivacyInfo.xcprivacy in Resources */,
			);
			runOnlyForDeploymentPostprocessing = 0;
		};
/* End PBXResourcesBuildPhase section */

/* Begin PBXSourcesBuildPhase section */
		A30000030000000000000001 /* Sources */ = {
			isa = PBXSourcesBuildPhase;
			buildActionMask = 2147483647;
			files = (
				A10000010000000000000001 /* SeafoodGuideApp.swift in Sources */,
				A10000020000000000000001 /* Models.swift in Sources */,
				A10000030000000000000001 /* GuideStore.swift in Sources */,
				A10000040000000000000001 /* Theme.swift in Sources */,
				A10000050000000000000001 /* GuideViews.swift in Sources */,
				A10000060000000000000001 /* SeafoodData.swift in Sources */,
			);
			runOnlyForDeploymentPostprocessing = 0;
		};
/* End PBXSourcesBuildPhase section */

/* Begin XCBuildConfiguration section */
		A80000010000000000000001 /* Debug */ = {
			isa = XCBuildConfiguration;
			buildSettings = {
				ASSETCATALOG_COMPILER_APPICON_NAME = Appicon;
				CLANG_ENABLE_MODULES = YES;
				CURRENT_PROJECT_VERSION = 1;
				GENERATE_INFOPLIST_FILE = NO;
				INFOPLIST_FILE = "Seafood Guide/Info.plist";
				INFOPLIST_KEY_CFBundleDisplayName = "Seafood Guide";
				INFOPLIST_KEY_LSApplicationCategoryType = "public.app-category.reference";
				IPHONEOS_DEPLOYMENT_TARGET = 16.0;
				MARKETING_VERSION = 8.0.0;
				PRODUCT_BUNDLE_IDENTIFIER = "com.jonbrown.org.Seafood-Guide";
				PRODUCT_NAME = "$(TARGET_NAME)";
				SDKROOT = iphoneos;
				SWIFT_VERSION = 5.0;
				TARGETED_DEVICE_FAMILY = "1,2";
			};
			name = Debug;
		};
		A80000020000000000000001 /* Release */ = {
			isa = XCBuildConfiguration;
			buildSettings = {
				ASSETCATALOG_COMPILER_APPICON_NAME = Appicon;
				CLANG_ENABLE_MODULES = YES;
				CURRENT_PROJECT_VERSION = 1;
				GENERATE_INFOPLIST_FILE = NO;
				INFOPLIST_FILE = "Seafood Guide/Info.plist";
				INFOPLIST_KEY_CFBundleDisplayName = "Seafood Guide";
				INFOPLIST_KEY_LSApplicationCategoryType = "public.app-category.reference";
				IPHONEOS_DEPLOYMENT_TARGET = 16.0;
				MARKETING_VERSION = 8.0.0;
				PRODUCT_BUNDLE_IDENTIFIER = "com.jonbrown.org.Seafood-Guide";
				PRODUCT_NAME = "$(TARGET_NAME)";
				SDKROOT = iphoneos;
				SWIFT_OPTIMIZATION_LEVEL = "-O";
				SWIFT_VERSION = 5.0;
				TARGETED_DEVICE_FAMILY = "1,2";
			};
			name = Release;
		};
		A80000030000000000000001 /* Debug */ = {
			isa = XCBuildConfiguration;
			buildSettings = {
				ALWAYS_SEARCH_USER_PATHS = NO;
				CLANG_ENABLE_OBJC_ARC = YES;
			};
			name = Debug;
		};
		A80000040000000000000001 /* Release */ = {
			isa = XCBuildConfiguration;
			buildSettings = {
				ALWAYS_SEARCH_USER_PATHS = NO;
				CLANG_ENABLE_OBJC_ARC = YES;
			};
			name = Release;
		};
/* End XCBuildConfiguration section */

/* Begin XCConfigurationList section */
		A70000010000000000000001 /* Build configuration list for PBXNativeTarget "Seafood Guide" */ = {
			isa = XCConfigurationList;
			buildConfigurations = (
				A80000010000000000000001 /* Debug */,
				A80000020000000000000001 /* Release */,
			);
			defaultConfigurationIsVisible = 0;
			defaultConfigurationName = Release;
		};
		A70000020000000000000001 /* Build configuration list for PBXProject "Seafood Guide" */ = {
			isa = XCConfigurationList;
			buildConfigurations = (
				A80000030000000000000001 /* Debug */,
				A80000040000000000000001 /* Release */,
			);
			defaultConfigurationIsVisible = 0;
			defaultConfigurationName = Release;
		};
/* End XCConfigurationList section */
	};
	rootObject = A60000010000000000000001 /* Project object */;
}
