// !$*UTF8*$!
{
	archiveVersion = 1;
	classes = {
	};
	objectVersion = 48;
	objects = {

/* Begin PBXBuildFile section */
		510CB0B28189C39E3FE444C7 /* Pods_Seafood_GuideTests.framework in Frameworks */ = {isa = PBXBuildFile; fileRef = 3D8C747CDD1A4D9AE43483C0 /* Pods_Seafood_GuideTests.framework */; };
		7EA01CF7D99168FE6CFAA594 /* Pods_Seafood_Guide.framework in Frameworks */ = {isa = PBXBuildFile; fileRef = AC2ABA6C87BE5204521E141E /* Pods_Seafood_Guide.framework */; };
		ED48447423A0DD4B00813483 /* DetailNewsViewController.swift in Sources */ = {isa = PBXBuildFile; fileRef = ED48447323A0DD4A00813483 /* DetailNewsViewController.swift */; };
		ED48447623A0DF7000813483 /* DetailLingoViewController.swift in Sources */ = {isa = PBXBuildFile; fileRef = ED48447523A0DF7000813483 /* DetailLingoViewController.swift */; };
		ED48447823A0E07400813483 /* DetailAboutViewController.swift in Sources */ = {isa = PBXBuildFile; fileRef = ED48447723A0E07400813483 /* DetailAboutViewController.swift */; };
		ED48447A23A0E1B800813483 /* LingoTableViewController.swift in Sources */ = {isa = PBXBuildFile; fileRef = ED48447923A0E1B800813483 /* LingoTableViewController.swift */; };
		ED48447C23A0E2F200813483 /* AboutTableViewController.swift in Sources */ = {isa = PBXBuildFile; fileRef = ED48447B23A0E2F200813483 /* AboutTableViewController.swift */; };
		ED48447E23A0EC8900813483 /* AppDelegate.swift in Sources */ = {isa = PBXBuildFile; fileRef = ED48447D23A0EC8900813483 /* AppDelegate.swift */; };
		ED4844A323A0F4F700813483 /* NewsViewController.swift in Sources */ = {isa = PBXBuildFile; fileRef = ED648DE023A0D90900EC5F16 /* NewsViewController.swift */; };
		ED648DC723A0281800EC5F16 /* Lingo+CoreDataClass.swift in Sources */ = {isa = PBXBuildFile; fileRef = ED648DBC23A0281700EC5F16 /* Lingo+CoreDataClass.swift */; };
		ED648DC923A0281800EC5F16 /* About+CoreDataProperties.swift in Sources */ = {isa = PBXBuildFile; fileRef = ED648DC123A0281700EC5F16 /* About+CoreDataProperties.swift */; };
		ED648DCA23A0281800EC5F16 /* About+CoreDataClass.swift in Sources */ = {isa = PBXBuildFile; fileRef = ED648DC423A0281800EC5F16 /* About+CoreDataClass.swift */; };
		ED648DCC23A0281800EC5F16 /* Seafood+CoreDataClass.swift in Sources */ = {isa = PBXBuildFile; fileRef = ED648DC023A0281700EC5F16 /* Seafood+CoreDataClass.swift */; };
		ED648DCD23A0281800EC5F16 /* Lingo+CoreDataProperties.swift in Sources */ = {isa = PBXBuildFile; fileRef = ED648DBE23A0281700EC5F16 /* Lingo+CoreDataProperties.swift */; };
		ED648DCF23A0281800EC5F16 /* Seafood+CoreDataProperties.swift in Sources */ = {isa = PBXBuildFile; fileRef = ED648DC323A0281800EC5F16 /* Seafood+CoreDataProperties.swift */; };
		ED648DD123A02C3900EC5F16 /* FishCat.swift in Sources */ = {isa = PBXBuildFile; fileRef = ED648DD023A02C3900EC5F16 /* FishCat.swift */; };
		ED648DD323A02DA900EC5F16 /* CoreDataTableViewController.swift in Sources */ = {isa = PBXBuildFile; fileRef = ED648DD223A02DA900EC5F16 /* CoreDataTableViewController.swift */; };
		ED648DD523A02EAC00EC5F16 /* FishTVC.swift in Sources */ = {isa = PBXBuildFile; fileRef = ED648DD423A02EAC00EC5F16 /* FishTVC.swift */; };
		ED648DD923A0D04D00EC5F16 /* TVCDetailViewController.swift in Sources */ = {isa = PBXBuildFile; fileRef = ED648DD823A0D04D00EC5F16 /* TVCDetailViewController.swift */; };
		ED648DDB23A0D18700EC5F16 /* GridViewController.swift in Sources */ = {isa = PBXBuildFile; fileRef = ED648DDA23A0D18700EC5F16 /* GridViewController.swift */; };
		ED648DDD23A0D26C00EC5F16 /* TableViewCellNews.swift in Sources */ = {isa = PBXBuildFile; fileRef = ED648DDC23A0D26C00EC5F16 /* TableViewCellNews.swift */; };
		ED648DDF23A0D82600EC5F16 /* config.swift in Sources */ = {isa = PBXBuildFile; fileRef = ED648DDE23A0D82600EC5F16 /* config.swift */; };
		FC16B63D2393878500DB454C /* RXMLElement.m in Sources */ = {isa = PBXBuildFile; fileRef = FC16B63C2393878500DB454C /* RXMLElement.m */; };
		FC2BD12E19B23CBF003ECABA /* Foundation.framework in Frameworks */ = {isa = PBXBuildFile; fileRef = FC2BD12D19B23CBF003ECABA /* Foundation.framework */; };
		FC2BD13019B23CBF003ECABA /* CoreGraphics.framework in Frameworks */ = {isa = PBXBuildFile; fileRef = FC2BD12F19B23CBF003ECABA /* CoreGraphics.framework */; };
		FC2BD13219B23CBF003ECABA /* UIKit.framework in Frameworks */ = {isa = PBXBuildFile; fileRef = FC2BD13119B23CBF003ECABA /* UIKit.framework */; };
		FC2BD13819B23CBF003ECABA /* InfoPlist.strings in Resources */ = {isa = PBXBuildFile; fileRef = FC2BD13619B23CBF003ECABA /* InfoPlist.strings */; };
		FC2BD14119B23CBF003ECABA /* Main_iPhone.storyboard in Resources */ = {isa = PBXBuildFile; fileRef = FC2BD13F19B23CBF003ECABA /* Main_iPhone.storyboard */; };
		FC2BD14419B23CBF003ECABA /* Main_iPad.storyboard in Resources */ = {isa = PBXBuildFile; fileRef = FC2BD14219B23CBF003ECABA /* Main_iPad.storyboard */; };
		FC2BD14C19B23CBF003ECABA /* Images.xcassets in Resources */ = {isa = PBXBuildFile; fileRef = FC2BD14B19B23CBF003ECABA /* Images.xcassets */; };
		FC2BD15319B23CC0003ECABA /* XCTest.framework in Frameworks */ = {isa = PBXBuildFile; fileRef = FC2BD15219B23CC0003ECABA /* XCTest.framework */; };
		FC2BD15419B23CC0003ECABA /* Foundation.framework in Frameworks */ = {isa = PBXBuildFile; fileRef = FC2BD12D19B23CBF003ECABA /* Foundation.framework */; };
		FC2BD15519B23CC0003ECABA /* UIKit.framework in Frameworks */ = {isa = PBXBuildFile; fileRef = FC2BD13119B23CBF003ECABA /* UIKit.framework */; };
		FC2BD15D19B23CC0003ECABA /* InfoPlist.strings in Resources */ = {isa = PBXBuildFile; fileRef = FC2BD15B19B23CC0003ECABA /* InfoPlist.strings */; };
		FC2BD15F19B23CC0003ECABA /* Seafood_GuideTests.m in Sources */ = {isa = PBXBuildFile; fileRef = FC2BD15E19B23CC0003ECABA /* Seafood_GuideTests.m */; };
		FC2BD18B19B26F00003ECABA /* QuartzCore.framework in Frameworks */ = {isa = PBXBuildFile; fileRef = FC2BD18A19B26F00003ECABA /* QuartzCore.framework */; };
		FC3B086019B435430049FA70 /* libxml2.dylib in Frameworks */ = {isa = PBXBuildFile; fileRef = FC3B085E19B435430049FA70 /* libxml2.dylib */; };
		FC3B086219B4354F0049FA70 /* libz.dylib in Frameworks */ = {isa = PBXBuildFile; fileRef = FC3B086119B4354F0049FA70 /* libz.dylib */; };
		FC3B086319B435C50049FA70 /* libxml2.2.dylib in Frameworks */ = {isa = PBXBuildFile; fileRef = FC3B085D19B435430049FA70 /* libxml2.2.dylib */; };
		FC4E63FE19EB49CA0079C0A3 /* ios-about-1.xml in Resources */ = {isa = PBXBuildFile; fileRef = FC4E63FB19EB49CA0079C0A3 /* ios-about-1.xml */; };
		FC4E63FF19EB49CA0079C0A3 /* ios-about-2.xml in Resources */ = {isa = PBXBuildFile; fileRef = FC4E63FC19EB49CA0079C0A3 /* ios-about-2.xml */; };
		FC4E640019EB49CA0079C0A3 /* ios-about-3.xml in Resources */ = {isa = PBXBuildFile; fileRef = FC4E63FD19EB49CA0079C0A3 /* ios-about-3.xml */; };
		FC4E641F19EB4AB70079C0A3 /* ios-lingo.xml in Resources */ = {isa = PBXBuildFile; fileRef = FC4E641E19EB4AB70079C0A3 /* ios-lingo.xml */; };
		FC4E642719EB4B1B0079C0A3 /* ios-news.xml in Resources */ = {isa = PBXBuildFile; fileRef = FC4E642619EB4B1B0079C0A3 /* ios-news.xml */; };
		FC4E642C19EB4B300079C0A3 /* TableViewCellNews.xib in Resources */ = {isa = PBXBuildFile; fileRef = FC4E642A19EB4B300079C0A3 /* TableViewCellNews.xib */; };
		FC4E643A19EB4B7C0079C0A3 /* Seafood_Guide.xcdatamodeld in Sources */ = {isa = PBXBuildFile; fileRef = FC4E643319EB4B7C0079C0A3 /* Seafood_Guide.xcdatamodeld */; };
		FC8F8C621FB839D10015E5E8 /* LaunchScreen.storyboard in Resources */ = {isa = PBXBuildFile; fileRef = FC8F8C611FB839D10015E5E8 /* LaunchScreen.storyboard */; };
		FCE79F3A19B99F87003E03BE /* CoreData.framework in Frameworks */ = {isa = PBXBuildFile; fileRef = FCE79F3919B99F87003E03BE /* CoreData.framework */; };
/* End PBXBuildFile section */

/* Begin PBXContainerItemProxy section */
		FC2BD15619B23CC0003ECABA /* PBXContainerItemProxy */ = {
			isa = PBXContainerItemProxy;
			containerPortal = FC2BD12219B23CBF003ECABA /* Project object */;
			proxyType = 1;
			remoteGlobalIDString = FC2BD12919B23CBF003ECABA;
			remoteInfo = "Seafood Guide";
		};
/* End PBXContainerItemProxy section */

/* Begin PBXFileReference section */
		3D8C747CDD1A4D9AE43483C0 /* Pods_Seafood_GuideTests.framework */ = {isa = PBXFileReference; explicitFileType = wrapper.framework; includeInIndex = 0; path = Pods_Seafood_GuideTests.framework; sourceTree = BUILT_PRODUCTS_DIR; };
		6877C94D107D3BEA4B262575 /* Pods-Seafood Guide.debug.xcconfig */ = {isa = PBXFileReference; includeInIndex = 1; lastKnownFileType = text.xcconfig; name = "Pods-Seafood Guide.debug.xcconfig"; path = "Target Support Files/Pods-Seafood Guide/Pods-Seafood Guide.debug.xcconfig"; sourceTree = "<group>"; };
		AC2ABA6C87BE5204521E141E /* Pods_Seafood_Guide.framework */ = {isa = PBXFileReference; explicitFileType = wrapper.framework; includeInIndex = 0; path = Pods_Seafood_Guide.framework; sourceTree = BUILT_PRODUCTS_DIR; };
		CAC15469CCE5A05EC42FD6B7 /* Pods-Seafood GuideTests.release.xcconfig */ = {isa = PBXFileReference; includeInIndex = 1; lastKnownFileType = text.xcconfig; name = "Pods-Seafood GuideTests.release.xcconfig"; path = "Target Support Files/Pods-Seafood GuideTests/Pods-Seafood GuideTests.release.xcconfig"; sourceTree = "<group>"; };
		D9F6403A4CD36BDC8E37CC0E /* Pods-Seafood Guide.release.xcconfig */ = {isa = PBXFileReference; includeInIndex = 1; lastKnownFileType = text.xcconfig; name = "Pods-Seafood Guide.release.xcconfig"; path = "Target Support Files/Pods-Seafood Guide/Pods-Seafood Guide.release.xcconfig"; sourceTree = "<group>"; };
		ED48447323A0DD4A00813483 /* DetailNewsViewController.swift */ = {isa = PBXFileReference; fileEncoding = 4; lastKnownFileType = sourcecode.swift; name = DetailNewsViewController.swift; path = "Top 10/Table View Cell/DetailNewsViewController.swift"; sourceTree = "<group>"; };
		ED48447523A0DF7000813483 /* DetailLingoViewController.swift */ = {isa = PBXFileReference; fileEncoding = 4; lastKnownFileType = sourcecode.swift; name = DetailLingoViewController.swift; path = Lingo/ViewControllers/DetailLingoViewController.swift; sourceTree = "<group>"; };
		ED48447723A0E07400813483 /* DetailAboutViewController.swift */ = {isa = PBXFileReference; fileEncoding = 4; lastKnownFileType = sourcecode.swift; name = DetailAboutViewController.swift; path = About/ViewControllers/DetailAboutViewController.swift; sourceTree = "<group>"; };
		ED48447923A0E1B800813483 /* LingoTableViewController.swift */ = {isa = PBXFileReference; fileEncoding = 4; lastKnownFileType = sourcecode.swift; name = LingoTableViewController.swift; path = Lingo/ViewControllers/LingoTableViewController.swift; sourceTree = "<group>"; };
		ED48447B23A0E2F200813483 /* AboutTableViewController.swift */ = {isa = PBXFileReference; fileEncoding = 4; lastKnownFileType = sourcecode.swift; name = AboutTableViewController.swift; path = About/ViewControllers/AboutTableViewController.swift; sourceTree = "<group>"; };
		ED48447D23A0EC8900813483 /* AppDelegate.swift */ = {isa = PBXFileReference; fileEncoding = 4; lastKnownFileType = sourcecode.swift; name = AppDelegate.swift; path = "Data Model/AppDelegate.swift"; sourceTree = "<group>"; };
		ED648DB723A0239700EC5F16 /* Seafood Guide-Bridging-Header.h */ = {isa = PBXFileReference; lastKnownFileType = sourcecode.c.h; path = "Seafood Guide-Bridging-Header.h"; sourceTree = "<group>"; };
		ED648DBC23A0281700EC5F16 /* Lingo+CoreDataClass.swift */ = {isa = PBXFileReference; lastKnownFileType = sourcecode.swift; path = "Lingo+CoreDataClass.swift"; sourceTree = "<group>"; };
		ED648DBE23A0281700EC5F16 /* Lingo+CoreDataProperties.swift */ = {isa = PBXFileReference; lastKnownFileType = sourcecode.swift; path = "Lingo+CoreDataProperties.swift"; sourceTree = "<group>"; };
		ED648DC023A0281700EC5F16 /* Seafood+CoreDataClass.swift */ = {isa = PBXFileReference; lastKnownFileType = sourcecode.swift; path = "Seafood+CoreDataClass.swift"; sourceTree = "<group>"; };
		ED648DC123A0281700EC5F16 /* About+CoreDataProperties.swift */ = {isa = PBXFileReference; lastKnownFileType = sourcecode.swift; path = "About+CoreDataProperties.swift"; sourceTree = "<group>"; };
		ED648DC323A0281800EC5F16 /* Seafood+CoreDataProperties.swift */ = {isa = PBXFileReference; lastKnownFileType = sourcecode.swift; path = "Seafood+CoreDataProperties.swift"; sourceTree = "<group>"; };
		ED648DC423A0281800EC5F16 /* About+CoreDataClass.swift */ = {isa = PBXFileReference; lastKnownFileType = sourcecode.swift; path = "About+CoreDataClass.swift"; sourceTree = "<group>"; };
		ED648DD023A02C3900EC5F16 /* FishCat.swift */ = {isa = PBXFileReference; fileEncoding = 4; lastKnownFileType = sourcecode.swift; name = FishCat.swift; path = "Data Model/FishCat.swift"; sourceTree = "<group>"; };
		ED648DD223A02DA900EC5F16 /* CoreDataTableViewController.swift */ = {isa = PBXFileReference; fileEncoding = 4; lastKnownFileType = sourcecode.swift; name = CoreDataTableViewController.swift; path = "Data Model/CoreDataTableViewController.swift"; sourceTree = "<group>"; };
		ED648DD423A02EAC00EC5F16 /* FishTVC.swift */ = {isa = PBXFileReference; fileEncoding = 4; lastKnownFileType = sourcecode.swift; name = FishTVC.swift; path = "Seafood Guide/View Controller/FishTVC.swift"; sourceTree = "<group>"; };
		ED648DD823A0D04D00EC5F16 /* TVCDetailViewController.swift */ = {isa = PBXFileReference; fileEncoding = 4; lastKnownFileType = sourcecode.swift; name = TVCDetailViewController.swift; path = "Seafood Guide/View Controller/TVCDetailViewController.swift"; sourceTree = "<group>"; };
		ED648DDA23A0D18700EC5F16 /* GridViewController.swift */ = {isa = PBXFileReference; fileEncoding = 4; lastKnownFileType = sourcecode.swift; name = GridViewController.swift; path = "Seafood Guide/Grid Controller/GridViewController.swift"; sourceTree = "<group>"; };
		ED648DDC23A0D26C00EC5F16 /* TableViewCellNews.swift */ = {isa = PBXFileReference; fileEncoding = 4; lastKnownFileType = sourcecode.swift; name = TableViewCellNews.swift; path = "Top 10/View Controller/TableViewCellNews.swift"; sourceTree = "<group>"; };
		ED648DDE23A0D82600EC5F16 /* config.swift */ = {isa = PBXFileReference; fileEncoding = 4; lastKnownFileType = sourcecode.swift; name = config.swift; path = classes/Config/config.swift; sourceTree = "<group>"; };
		ED648DE023A0D90900EC5F16 /* NewsViewController.swift */ = {isa = PBXFileReference; fileEncoding = 4; lastKnownFileType = sourcecode.swift; name = NewsViewController.swift; path = "Top 10/Table View Cell/NewsViewController.swift"; sourceTree = "<group>"; };
		F8B625D1AA136F8869C38D44 /* Pods-Seafood GuideTests.debug.xcconfig */ = {isa = PBXFileReference; includeInIndex = 1; lastKnownFileType = text.xcconfig; name = "Pods-Seafood GuideTests.debug.xcconfig"; path = "Target Support Files/Pods-Seafood GuideTests/Pods-Seafood GuideTests.debug.xcconfig"; sourceTree = "<group>"; };
		FC16B63B2393878500DB454C /* RXMLElement.h */ = {isa = PBXFileReference; fileEncoding = 4; lastKnownFileType = sourcecode.c.h; path = RXMLElement.h; sourceTree = "<group>"; };
		FC16B63C2393878500DB454C /* RXMLElement.m */ = {isa = PBXFileReference; fileEncoding = 4; lastKnownFileType = sourcecode.c.objc; path = RXMLElement.m; sourceTree = "<group>"; };
		FC2BD12A19B23CBF003ECABA /* Seafood Guide.app */ = {isa = PBXFileReference; explicitFileType = wrapper.application; includeInIndex = 0; path = "Seafood Guide.app"; sourceTree = BUILT_PRODUCTS_DIR; };
		FC2BD12D19B23CBF003ECABA /* Foundation.framework */ = {isa = PBXFileReference; lastKnownFileType = wrapper.framework; name = Foundation.framework; path = System/Library/Frameworks/Foundation.framework; sourceTree = SDKROOT; };
		FC2BD12F19B23CBF003ECABA /* CoreGraphics.framework */ = {isa = PBXFileReference; lastKnownFileType = wrapper.framework; name = CoreGraphics.framework; path = System/Library/Frameworks/CoreGraphics.framework; sourceTree = SDKROOT; };
		FC2BD13119B23CBF003ECABA /* UIKit.framework */ = {isa = PBXFileReference; lastKnownFileType = wrapper.framework; name = UIKit.framework; path = System/Library/Frameworks/UIKit.framework; sourceTree = SDKROOT; };
		FC2BD13519B23CBF003ECABA /* Seafood Guide-Info.plist */ = {isa = PBXFileReference; lastKnownFileType = text.plist.xml; path = "Seafood Guide-Info.plist"; sourceTree = "<group>"; };
		FC2BD13719B23CBF003ECABA /* en */ = {isa = PBXFileReference; lastKnownFileType = text.plist.strings; name = en; path = en.lproj/InfoPlist.strings; sourceTree = "<group>"; };
		FC2BD13B19B23CBF003ECABA /* Seafood Guide-Prefix.pch */ = {isa = PBXFileReference; lastKnownFileType = sourcecode.c.h; path = "Seafood Guide-Prefix.pch"; sourceTree = "<group>"; };
		FC2BD14019B23CBF003ECABA /* Base */ = {isa = PBXFileReference; lastKnownFileType = file.storyboard; name = Base; path = Base.lproj/Main_iPhone.storyboard; sourceTree = "<group>"; };
		FC2BD14319B23CBF003ECABA /* Base */ = {isa = PBXFileReference; lastKnownFileType = file.storyboard; name = Base; path = Base.lproj/Main_iPad.storyboard; sourceTree = "<group>"; };
		FC2BD14B19B23CBF003ECABA /* Images.xcassets */ = {isa = PBXFileReference; lastKnownFileType = folder.assetcatalog; path = Images.xcassets; sourceTree = "<group>"; };
		FC2BD15119B23CC0003ECABA /* Seafood GuideTests.xctest */ = {isa = PBXFileReference; explicitFileType = wrapper.cfbundle; includeInIndex = 0; path = "Seafood GuideTests.xctest"; sourceTree = BUILT_PRODUCTS_DIR; };
		FC2BD15219B23CC0003ECABA /* XCTest.framework */ = {isa = PBXFileReference; lastKnownFileType = wrapper.framework; name = XCTest.framework; path = Library/Frameworks/XCTest.framework; sourceTree = DEVELOPER_DIR; };
		FC2BD15A19B23CC0003ECABA /* Seafood GuideTests-Info.plist */ = {isa = PBXFileReference; lastKnownFileType = text.plist.xml; path = "Seafood GuideTests-Info.plist"; sourceTree = "<group>"; };
		FC2BD15C19B23CC0003ECABA /* en */ = {isa = PBXFileReference; lastKnownFileType = text.plist.strings; name = en; path = en.lproj/InfoPlist.strings; sourceTree = "<group>"; };
		FC2BD15E19B23CC0003ECABA /* Seafood_GuideTests.m */ = {isa = PBXFileReference; lastKnownFileType = sourcecode.c.objc; path = Seafood_GuideTests.m; sourceTree = "<group>"; };
		FC2BD18A19B26F00003ECABA /* QuartzCore.framework */ = {isa = PBXFileReference; lastKnownFileType = wrapper.framework; name = QuartzCore.framework; path = System/Library/Frameworks/QuartzCore.framework; sourceTree = SDKROOT; };
		FC3B085D19B435430049FA70 /* libxml2.2.dylib */ = {isa = PBXFileReference; lastKnownFileType = "compiled.mach-o.dylib"; name = libxml2.2.dylib; path = usr/lib/libxml2.2.dylib; sourceTree = SDKROOT; };
		FC3B085E19B435430049FA70 /* libxml2.dylib */ = {isa = PBXFileReference; lastKnownFileType = "compiled.mach-o.dylib"; name = libxml2.dylib; path = usr/lib/libxml2.dylib; sourceTree = SDKROOT; };
		FC3B086119B4354F0049FA70 /* libz.dylib */ = {isa = PBXFileReference; lastKnownFileType = "compiled.mach-o.dylib"; name = libz.dylib; path = usr/lib/libz.dylib; sourceTree = SDKROOT; };
		FC4E63FB19EB49CA0079C0A3 /* ios-about-1.xml */ = {isa = PBXFileReference; fileEncoding = 4; lastKnownFileType = text.xml; name = "ios-about-1.xml"; path = "About/DataSource/ios-about-1.xml"; sourceTree = "<group>"; };
		FC4E63FC19EB49CA0079C0A3 /* ios-about-2.xml */ = {isa = PBXFileReference; fileEncoding = 4; lastKnownFileType = text.xml; name = "ios-about-2.xml"; path = "About/DataSource/ios-about-2.xml"; sourceTree = "<group>"; };
		FC4E63FD19EB49CA0079C0A3 /* ios-about-3.xml */ = {isa = PBXFileReference; fileEncoding = 4; lastKnownFileType = text.xml; name = "ios-about-3.xml"; path = "About/DataSource/ios-about-3.xml"; sourceTree = "<group>"; };
		FC4E641E19EB4AB70079C0A3 /* ios-lingo.xml */ = {isa = PBXFileReference; fileEncoding = 4; lastKnownFileType = text.xml; name = "ios-lingo.xml"; path = "Lingo/DataSource/ios-lingo.xml"; sourceTree = "<group>"; };
		FC4E642619EB4B1B0079C0A3 /* ios-news.xml */ = {isa = PBXFileReference; fileEncoding = 4; lastKnownFileType = text.xml; name = "ios-news.xml"; path = "Top 10/DataSource/ios-news.xml"; sourceTree = "<group>"; };
		FC4E642A19EB4B300079C0A3 /* TableViewCellNews.xib */ = {isa = PBXFileReference; fileEncoding = 4; lastKnownFileType = file.xib; name = TableViewCellNews.xib; path = "Top 10/View Controller/TableViewCellNews.xib"; sourceTree = "<group>"; };
		FC4E643419EB4B7C0079C0A3 /* Seafood_Guide.xcdatamodel */ = {isa = PBXFileReference; lastKnownFileType = wrapper.xcdatamodel; path = Seafood_Guide.xcdatamodel; sourceTree = "<group>"; };
		FC8F8C611FB839D10015E5E8 /* LaunchScreen.storyboard */ = {isa = PBXFileReference; lastKnownFileType = file.storyboard; path = LaunchScreen.storyboard; sourceTree = "<group>"; };
		FCE79F3919B99F87003E03BE /* CoreData.framework */ = {isa = PBXFileReference; lastKnownFileType = wrapper.framework; name = CoreData.framework; path = System/Library/Frameworks/CoreData.framework; sourceTree = SDKROOT; };
/* End PBXFileReference section */

/* Begin PBXFrameworksBuildPhase section */
		FC2BD12719B23CBF003ECABA /* Frameworks */ = {
			isa = PBXFrameworksBuildPhase;
			buildActionMask = 2147483647;
			files = (
				FCE79F3A19B99F87003E03BE /* CoreData.framework in Frameworks */,
				FC3B086319B435C50049FA70 /* libxml2.2.dylib in Frameworks */,
				FC3B086219B4354F0049FA70 /* libz.dylib in Frameworks */,
				FC3B086019B435430049FA70 /* libxml2.dylib in Frameworks */,
				FC2BD18B19B26F00003ECABA /* QuartzCore.framework in Frameworks */,
				FC2BD13019B23CBF003ECABA /* CoreGraphics.framework in Frameworks */,
				FC2BD13219B23CBF003ECABA /* UIKit.framework in Frameworks */,
				FC2BD12E19B23CBF003ECABA /* Foundation.framework in Frameworks */,
				7EA01CF7D99168FE6CFAA594 /* Pods_Seafood_Guide.framework in Frameworks */,
			);
			runOnlyForDeploymentPostprocessing = 0;
		};
		FC2BD14E19B23CC0003ECABA /* Frameworks */ = {
			isa = PBXFrameworksBuildPhase;
			buildActionMask = 2147483647;
			files = (
				FC2BD15319B23CC0003ECABA /* XCTest.framework in Frameworks */,
				FC2BD15519B23CC0003ECABA /* UIKit.framework in Frameworks */,
				FC2BD15419B23CC0003ECABA /* Foundation.framework in Frameworks */,
				510CB0B28189C39E3FE444C7 /* Pods_Seafood_GuideTests.framework in Frameworks */,
			);
			runOnlyForDeploymentPostprocessing = 0;
		};
/* End PBXFrameworksBuildPhase section */

/* Begin PBXGroup section */
		B4036520A8036E532486C3FB /* Pods */ = {
			isa = PBXGroup;
			children = (
				6877C94D107D3BEA4B262575 /* Pods-Seafood Guide.debug.xcconfig */,
				D9F6403A4CD36BDC8E37CC0E /* Pods-Seafood Guide.release.xcconfig */,
				F8B625D1AA136F8869C38D44 /* Pods-Seafood GuideTests.debug.xcconfig */,
				CAC15469CCE5A05EC42FD6B7 /* Pods-Seafood GuideTests.release.xcconfig */,
			);
			path = Pods;
			sourceTree = "<group>";
		};
		FC2BD12119B23CBF003ECABA = {
			isa = PBXGroup;
			children = (
				FC2BD13319B23CBF003ECABA /* Seafood Guide */,
				FC2BD15819B23CC0003ECABA /* Seafood GuideTests */,
				FC2BD12C19B23CBF003ECABA /* Frameworks */,
				FC2BD12B19B23CBF003ECABA /* Products */,
				B4036520A8036E532486C3FB /* Pods */,
			);
			sourceTree = "<group>";
		};
		FC2BD12B19B23CBF003ECABA /* Products */ = {
			isa = PBXGroup;
			children = (
				FC2BD12A19B23CBF003ECABA /* Seafood Guide.app */,
				FC2BD15119B23CC0003ECABA /* Seafood GuideTests.xctest */,
			);
			name = Products;
			sourceTree = "<group>";
		};
		FC2BD12C19B23CBF003ECABA /* Frameworks */ = {
			isa = PBXGroup;
			children = (
				FCE79F3919B99F87003E03BE /* CoreData.framework */,
				FC3B086119B4354F0049FA70 /* libz.dylib */,
				FC3B085D19B435430049FA70 /* libxml2.2.dylib */,
				FC3B085E19B435430049FA70 /* libxml2.dylib */,
				FC2BD18A19B26F00003ECABA /* QuartzCore.framework */,
				FC2BD12D19B23CBF003ECABA /* Foundation.framework */,
				FC2BD12F19B23CBF003ECABA /* CoreGraphics.framework */,
				FC2BD13119B23CBF003ECABA /* UIKit.framework */,
				FC2BD15219B23CC0003ECABA /* XCTest.framework */,
				AC2ABA6C87BE5204521E141E /* Pods_Seafood_Guide.framework */,
				3D8C747CDD1A4D9AE43483C0 /* Pods_Seafood_GuideTests.framework */,
			);
			name = Frameworks;
			sourceTree = "<group>";
		};
		FC2BD13319B23CBF003ECABA /* Seafood Guide */ = {
			isa = PBXGroup;
			children = (
				FC4E63F619EB48720079C0A3 /* About */,
				FC3B084319B430000049FA70 /* Seafood Guide */,
				FCEAB16B19B5696C004D1846 /* Lingo */,
				FC3B085519B433560049FA70 /* Top 10 */,
				FC3B084219B42FEA0049FA70 /* Data Model */,
				FC4E63F719EB488A0079C0A3 /* Storyboards */,
				FC2BD14B19B23CBF003ECABA /* Images.xcassets */,
				FC2BD13419B23CBF003ECABA /* Supporting Files */,
			);
			path = "Seafood Guide";
			sourceTree = "<group>";
		};
		FC2BD13419B23CBF003ECABA /* Supporting Files */ = {
			isa = PBXGroup;
			children = (
				FC16B63B2393878500DB454C /* RXMLElement.h */,
				FC16B63C2393878500DB454C /* RXMLElement.m */,
				FC3B084619B430620049FA70 /* Config */,
				FC2BD13519B23CBF003ECABA /* Seafood Guide-Info.plist */,
				FC2BD13619B23CBF003ECABA /* InfoPlist.strings */,
				FC2BD13B19B23CBF003ECABA /* Seafood Guide-Prefix.pch */,
			);
			name = "Supporting Files";
			sourceTree = "<group>";
		};
		FC2BD15819B23CC0003ECABA /* Seafood GuideTests */ = {
			isa = PBXGroup;
			children = (
				FC2BD15E19B23CC0003ECABA /* Seafood_GuideTests.m */,
				FC2BD15919B23CC0003ECABA /* Supporting Files */,
			);
			path = "Seafood GuideTests";
			sourceTree = "<group>";
		};
		FC2BD15919B23CC0003ECABA /* Supporting Files */ = {
			isa = PBXGroup;
			children = (
				FC2BD15A19B23CC0003ECABA /* Seafood GuideTests-Info.plist */,
				FC2BD15B19B23CC0003ECABA /* InfoPlist.strings */,
			);
			name = "Supporting Files";
			sourceTree = "<group>";
		};
		FC2BD19219B26F56003ECABA /* Grid Controller */ = {
			isa = PBXGroup;
			children = (
				ED648DDA23A0D18700EC5F16 /* GridViewController.swift */,
			);
			name = "Grid Controller";
			sourceTree = "<group>";
		};
		FC3B084219B42FEA0049FA70 /* Data Model */ = {
			isa = PBXGroup;
			children = (
				ED48447D23A0EC8900813483 /* AppDelegate.swift */,
				ED648DD223A02DA900EC5F16 /* CoreDataTableViewController.swift */,
				ED648DD023A02C3900EC5F16 /* FishCat.swift */,
				FC4E643319EB4B7C0079C0A3 /* Seafood_Guide.xcdatamodeld */,
				ED648DC423A0281800EC5F16 /* About+CoreDataClass.swift */,
				ED648DC123A0281700EC5F16 /* About+CoreDataProperties.swift */,
				ED648DBC23A0281700EC5F16 /* Lingo+CoreDataClass.swift */,
				ED648DBE23A0281700EC5F16 /* Lingo+CoreDataProperties.swift */,
				ED648DC023A0281700EC5F16 /* Seafood+CoreDataClass.swift */,
				ED648DC323A0281800EC5F16 /* Seafood+CoreDataProperties.swift */,
				ED648DB723A0239700EC5F16 /* Seafood Guide-Bridging-Header.h */,
			);
			name = "Data Model";
			sourceTree = "<group>";
		};
		FC3B084319B430000049FA70 /* Seafood Guide */ = {
			isa = PBXGroup;
			children = (
				FC2BD19219B26F56003ECABA /* Grid Controller */,
				FC4E63FA19EB48C60079C0A3 /* ViewControllers */,
			);
			name = "Seafood Guide";
			sourceTree = "<group>";
		};
		FC3B084619B430620049FA70 /* Config */ = {
			isa = PBXGroup;
			children = (
				ED648DDE23A0D82600EC5F16 /* config.swift */,
			);
			name = Config;
			sourceTree = "<group>";
		};
		FC3B085519B433560049FA70 /* Top 10 */ = {
			isa = PBXGroup;
			children = (
				FCEAB16019B5503B004D1846 /* Table View Cell */,
				FCEAB16119B55046004D1846 /* Data Source */,
				FCEAB16219B55051004D1846 /* View Controllers */,
			);
			name = "Top 10";
			sourceTree = "<group>";
		};
		FC4E63F619EB48720079C0A3 /* About */ = {
			isa = PBXGroup;
			children = (
				FC4E63F819EB48AB0079C0A3 /* DataSource */,
				FC4E63F919EB48B80079C0A3 /* ViewControllers */,
			);
			name = About;
			sourceTree = "<group>";
		};
		FC4E63F719EB488A0079C0A3 /* Storyboards */ = {
			isa = PBXGroup;
			children = (
				FC8F8C611FB839D10015E5E8 /* LaunchScreen.storyboard */,
				FC2BD13F19B23CBF003ECABA /* Main_iPhone.storyboard */,
				FC2BD14219B23CBF003ECABA /* Main_iPad.storyboard */,
			);
			name = Storyboards;
			sourceTree = "<group>";
		};
		FC4E63F819EB48AB0079C0A3 /* DataSource */ = {
			isa = PBXGroup;
			children = (
				FC4E63FB19EB49CA0079C0A3 /* ios-about-1.xml */,
				FC4E63FC19EB49CA0079C0A3 /* ios-about-2.xml */,
				FC4E63FD19EB49CA0079C0A3 /* ios-about-3.xml */,
			);
			name = DataSource;
			sourceTree = "<group>";
		};
		FC4E63F919EB48B80079C0A3 /* ViewControllers */ = {
			isa = PBXGroup;
			children = (
				ED48447B23A0E2F200813483 /* AboutTableViewController.swift */,
				ED48447723A0E07400813483 /* DetailAboutViewController.swift */,
			);
			name = ViewControllers;
			sourceTree = "<group>";
		};
		FC4E63FA19EB48C60079C0A3 /* ViewControllers */ = {
			isa = PBXGroup;
			children = (
				ED648DD423A02EAC00EC5F16 /* FishTVC.swift */,
				ED648DD823A0D04D00EC5F16 /* TVCDetailViewController.swift */,
			);
			name = ViewControllers;
			sourceTree = "<group>";
		};
		FCEAB16019B5503B004D1846 /* Table View Cell */ = {
			isa = PBXGroup;
			children = (
				ED648DDC23A0D26C00EC5F16 /* TableViewCellNews.swift */,
				FC4E642A19EB4B300079C0A3 /* TableViewCellNews.xib */,
			);
			name = "Table View Cell";
			sourceTree = "<group>";
		};
		FCEAB16119B55046004D1846 /* Data Source */ = {
			isa = PBXGroup;
			children = (
				FC4E642619EB4B1B0079C0A3 /* ios-news.xml */,
			);
			name = "Data Source";
			sourceTree = "<group>";
		};
		FCEAB16219B55051004D1846 /* View Controllers */ = {
			isa = PBXGroup;
			children = (
				ED48447323A0DD4A00813483 /* DetailNewsViewController.swift */,
				ED648DE023A0D90900EC5F16 /* NewsViewController.swift */,
			);
			name = "View Controllers";
			sourceTree = "<group>";
		};
		FCEAB16B19B5696C004D1846 /* Lingo */ = {
			isa = PBXGroup;
			children = (
				FCEAB16C19B56978004D1846 /* Data Source */,
				FCEAB16D19B56981004D1846 /* View Controllers */,
			);
			name = Lingo;
			sourceTree = "<group>";
		};
		FCEAB16C19B56978004D1846 /* Data Source */ = {
			isa = PBXGroup;
			children = (
				FC4E641E19EB4AB70079C0A3 /* ios-lingo.xml */,
			);
			name = "Data Source";
			sourceTree = "<group>";
		};
		FCEAB16D19B56981004D1846 /* View Controllers */ = {
			isa = PBXGroup;
			children = (
				ED48447523A0DF7000813483 /* DetailLingoViewController.swift */,
				ED48447923A0E1B800813483 /* LingoTableViewController.swift */,
			);
			name = "View Controllers";
			sourceTree = "<group>";
		};
/* End PBXGroup section */

/* Begin PBXNativeTarget section */
		FC2BD12919B23CBF003ECABA /* Seafood Guide */ = {
			isa = PBXNativeTarget;
			buildConfigurationList = FC2BD16219B23CC0003ECABA /* Build configuration list for PBXNativeTarget "Seafood Guide" */;
			buildPhases = (
				C6CE18161FA16B8FA02CC6C4 /* [CP] Check Pods Manifest.lock */,
				FC2BD12619B23CBF003ECABA /* Sources */,
				FC2BD12719B23CBF003ECABA /* Frameworks */,
				FC2BD12819B23CBF003ECABA /* Resources */,
				F87F1851B7BBA640C952AD0D /* [CP] Embed Pods Frameworks */,
			);
			buildRules = (
			);
			dependencies = (
			);
			name = "Seafood Guide";
			productName = "Seafood Guide";
			productReference = FC2BD12A19B23CBF003ECABA /* Seafood Guide.app */;
			productType = "com.apple.product-type.application";
		};
		FC2BD15019B23CC0003ECABA /* Seafood GuideTests */ = {
			isa = PBXNativeTarget;
			buildConfigurationList = FC2BD16519B23CC0003ECABA /* Build configuration list for PBXNativeTarget "Seafood GuideTests" */;
			buildPhases = (
				2A030136EB184F6A3CAC8368 /* [CP] Check Pods Manifest.lock */,
				FC2BD14D19B23CC0003ECABA /* Sources */,
				FC2BD14E19B23CC0003ECABA /* Frameworks */,
				FC2BD14F19B23CC0003ECABA /* Resources */,
			);
			buildRules = (
			);
			dependencies = (
				FC2BD15719B23CC0003ECABA /* PBXTargetDependency */,
			);
			name = "Seafood GuideTests";
			productName = "Seafood GuideTests";
			productReference = FC2BD15119B23CC0003ECABA /* Seafood GuideTests.xctest */;
			productType = "com.apple.product-type.bundle.unit-test";
		};
/* End PBXNativeTarget section */

/* Begin PBXProject section */
		FC2BD12219B23CBF003ECABA /* Project object */ = {
			isa = PBXProject;
			attributes = {
				LastUpgradeCheck = 1120;
				ORGANIZATIONNAME = "Jon Brown Designs";
				TargetAttributes = {
					FC2BD12919B23CBF003ECABA = {
						DevelopmentTeam = 2D4Z7WQ7RS;
						LastSwiftMigration = 1120;
					};
					FC2BD15019B23CC0003ECABA = {
						TestTargetID = FC2BD12919B23CBF003ECABA;
					};
				};
			};
			buildConfigurationList = FC2BD12519B23CBF003ECABA /* Build configuration list for PBXProject "Seafood Guide" */;
			compatibilityVersion = "Xcode 8.0";
			developmentRegion = en;
			hasScannedForEncodings = 0;
			knownRegions = (
				en,
				Base,
			);
			mainGroup = FC2BD12119B23CBF003ECABA;
			productRefGroup = FC2BD12B19B23CBF003ECABA /* Products */;
			projectDirPath = "";
			projectRoot = "";
			targets = (
				FC2BD12919B23CBF003ECABA /* Seafood Guide */,
				FC2BD15019B23CC0003ECABA /* Seafood GuideTests */,
			);
		};
/* End PBXProject section */

/* Begin PBXResourcesBuildPhase section */
		FC2BD12819B23CBF003ECABA /* Resources */ = {
			isa = PBXResourcesBuildPhase;
			buildActionMask = 2147483647;
			files = (
				FC2BD14419B23CBF003ECABA /* Main_iPad.storyboard in Resources */,
				FC2BD14C19B23CBF003ECABA /* Images.xcassets in Resources */,
				FC8F8C621FB839D10015E5E8 /* LaunchScreen.storyboard in Resources */,
				FC2BD14119B23CBF003ECABA /* Main_iPhone.storyboard in Resources */,
				FC4E640019EB49CA0079C0A3 /* ios-about-3.xml in Resources */,
				FC4E641F19EB4AB70079C0A3 /* ios-lingo.xml in Resources */,
				FC4E63FE19EB49CA0079C0A3 /* ios-about-1.xml in Resources */,
				FC4E642719EB4B1B0079C0A3 /* ios-news.xml in Resources */,
				FC4E63FF19EB49CA0079C0A3 /* ios-about-2.xml in Resources */,
				FC4E642C19EB4B300079C0A3 /* TableViewCellNews.xib in Resources */,
				FC2BD13819B23CBF003ECABA /* InfoPlist.strings in Resources */,
			);
			runOnlyForDeploymentPostprocessing = 0;
		};
		FC2BD14F19B23CC0003ECABA /* Resources */ = {
			isa = PBXResourcesBuildPhase;
			buildActionMask = 2147483647;
			files = (
				FC2BD15D19B23CC0003ECABA /* InfoPlist.strings in Resources */,
			);
			runOnlyForDeploymentPostprocessing = 0;
		};
/* End PBXResourcesBuildPhase section */

/* Begin PBXShellScriptBuildPhase section */
		2A030136EB184F6A3CAC8368 /* [CP] Check Pods Manifest.lock */ = {
			isa = PBXShellScriptBuildPhase;
			buildActionMask = 2147483647;
			files = (
			);
			inputFileListPaths = (
			);
			inputPaths = (
				"${PODS_PODFILE_DIR_PATH}/Podfile.lock",
				"${PODS_ROOT}/Manifest.lock",
			);
			name = "[CP] Check Pods Manifest.lock";
			outputFileListPaths = (
			);
			outputPaths = (
				"$(DERIVED_FILE_DIR)/Pods-Seafood GuideTests-checkManifestLockResult.txt",
			);
			runOnlyForDeploymentPostprocessing = 0;
			shellPath = /bin/sh;
			shellScript = "diff \"${PODS_PODFILE_DIR_PATH}/Podfile.lock\" \"${PODS_ROOT}/Manifest.lock\" > /dev/null\nif [ $? != 0 ] ; then\n    # print error to STDERR\n    echo \"error: The sandbox is not in sync with the Podfile.lock. Run 'pod install' or update your CocoaPods installation.\" >&2\n    exit 1\nfi\n# This output is used by Xcode 'outputs' to avoid re-running this script phase.\necho \"SUCCESS\" > \"${SCRIPT_OUTPUT_FILE_0}\"\n";
			showEnvVarsInLog = 0;
		};
		C6CE18161FA16B8FA02CC6C4 /* [CP] Check Pods Manifest.lock */ = {
			isa = PBXShellScriptBuildPhase;
			buildActionMask = 2147483647;
			files = (
			);
			inputFileListPaths = (
			);
			inputPaths = (
				"${PODS_PODFILE_DIR_PATH}/Podfile.lock",
				"${PODS_ROOT}/Manifest.lock",
			);
			name = "[CP] Check Pods Manifest.lock";
			outputFileListPaths = (
			);
			outputPaths = (
				"$(DERIVED_FILE_DIR)/Pods-Seafood Guide-checkManifestLockResult.txt",
			);
			runOnlyForDeploymentPostprocessing = 0;
			shellPath = /bin/sh;
			shellScript = "diff \"${PODS_PODFILE_DIR_PATH}/Podfile.lock\" \"${PODS_ROOT}/Manifest.lock\" > /dev/null\nif [ $? != 0 ] ; then\n    # print error to STDERR\n    echo \"error: The sandbox is not in sync with the Podfile.lock. Run 'pod install' or update your CocoaPods installation.\" >&2\n    exit 1\nfi\n# This output is used by Xcode 'outputs' to avoid re-running this script phase.\necho \"SUCCESS\" > \"${SCRIPT_OUTPUT_FILE_0}\"\n";
			showEnvVarsInLog = 0;
		};
		F87F1851B7BBA640C952AD0D /* [CP] Embed Pods Frameworks */ = {
			isa = PBXShellScriptBuildPhase;
			buildActionMask = 2147483647;
			files = (
			);
			inputPaths = (
				"${PODS_ROOT}/Target Support Files/Pods-Seafood Guide/Pods-Seafood Guide-frameworks.sh",
				"${BUILT_PRODUCTS_DIR}/ProgressHUD/ProgressHUD.framework",
			);
			name = "[CP] Embed Pods Frameworks";
			outputPaths = (
				"${TARGET_BUILD_DIR}/${FRAMEWORKS_FOLDER_PATH}/ProgressHUD.framework",
			);
			runOnlyForDeploymentPostprocessing = 0;
			shellPath = /bin/sh;
			shellScript = "\"${PODS_ROOT}/Target Support Files/Pods-Seafood Guide/Pods-Seafood Guide-frameworks.sh\"\n";
			showEnvVarsInLog = 0;
		};
/* End PBXShellScriptBuildPhase section */

/* Begin PBXSourcesBuildPhase section */
		FC2BD12619B23CBF003ECABA /* Sources */ = {
			isa = PBXSourcesBuildPhase;
			buildActionMask = 2147483647;
			files = (
				ED48447E23A0EC8900813483 /* AppDelegate.swift in Sources */,
				ED648DDD23A0D26C00EC5F16 /* TableViewCellNews.swift in Sources */,
				ED648DD523A02EAC00EC5F16 /* FishTVC.swift in Sources */,
				ED48447623A0DF7000813483 /* DetailLingoViewController.swift in Sources */,
				FC4E643A19EB4B7C0079C0A3 /* Seafood_Guide.xcdatamodeld in Sources */,
				ED648DCF23A0281800EC5F16 /* Seafood+CoreDataProperties.swift in Sources */,
				ED648DDB23A0D18700EC5F16 /* GridViewController.swift in Sources */,
				ED648DC723A0281800EC5F16 /* Lingo+CoreDataClass.swift in Sources */,
				ED648DD323A02DA900EC5F16 /* CoreDataTableViewController.swift in Sources */,
				ED48447C23A0E2F200813483 /* AboutTableViewController.swift in Sources */,
				ED648DCA23A0281800EC5F16 /* About+CoreDataClass.swift in Sources */,
				ED648DCD23A0281800EC5F16 /* Lingo+CoreDataProperties.swift in Sources */,
				ED48447823A0E07400813483 /* DetailAboutViewController.swift in Sources */,
				ED48447423A0DD4B00813483 /* DetailNewsViewController.swift in Sources */,
				ED648DD923A0D04D00EC5F16 /* TVCDetailViewController.swift in Sources */,
				ED4844A323A0F4F700813483 /* NewsViewController.swift in Sources */,
				ED48447A23A0E1B800813483 /* LingoTableViewController.swift in Sources */,
				ED648DC923A0281800EC5F16 /* About+CoreDataProperties.swift in Sources */,
				FC16B63D2393878500DB454C /* RXMLElement.m in Sources */,
				ED648DCC23A0281800EC5F16 /* Seafood+CoreDataClass.swift in Sources */,
				ED648DDF23A0D82600EC5F16 /* config.swift in Sources */,
				ED648DD123A02C3900EC5F16 /* FishCat.swift in Sources */,
			);
			runOnlyForDeploymentPostprocessing = 0;
		};
		FC2BD14D19B23CC0003ECABA /* Sources */ = {
			isa = PBXSourcesBuildPhase;
			buildActionMask = 2147483647;
			files = (
				FC2BD15F19B23CC0003ECABA /* Seafood_GuideTests.m in Sources */,
			);
			runOnlyForDeploymentPostprocessing = 0;
		};
/* End PBXSourcesBuildPhase section */

/* Begin PBXTargetDependency section */
		FC2BD15719B23CC0003ECABA /* PBXTargetDependency */ = {
			isa = PBXTargetDependency;
			target = FC2BD12919B23CBF003ECABA /* Seafood Guide */;
			targetProxy = FC2BD15619B23CC0003ECABA /* PBXContainerItemProxy */;
		};
/* End PBXTargetDependency section */

/* Begin PBXVariantGroup section */
		FC2BD13619B23CBF003ECABA /* InfoPlist.strings */ = {
			isa = PBXVariantGroup;
			children = (
				FC2BD13719B23CBF003ECABA /* en */,
			);
			name = InfoPlist.strings;
			sourceTree = "<group>";
		};
		FC2BD13F19B23CBF003ECABA /* Main_iPhone.storyboard */ = {
			isa = PBXVariantGroup;
			children = (
				FC2BD14019B23CBF003ECABA /* Base */,
			);
			name = Main_iPhone.storyboard;
			sourceTree = "<group>";
		};
		FC2BD14219B23CBF003ECABA /* Main_iPad.storyboard */ = {
			isa = PBXVariantGroup;
			children = (
				FC2BD14319B23CBF003ECABA /* Base */,
			);
			name = Main_iPad.storyboard;
			sourceTree = "<group>";
		};
		FC2BD15B19B23CC0003ECABA /* InfoPlist.strings */ = {
			isa = PBXVariantGroup;
			children = (
				FC2BD15C19B23CC0003ECABA /* en */,
			);
			name = InfoPlist.strings;
			sourceTree = "<group>";
		};
/* End PBXVariantGroup section */

/* Begin XCBuildConfiguration section */
		FC2BD16019B23CC0003ECABA /* Debug */ = {
			isa = XCBuildConfiguration;
			buildSettings = {
				ALWAYS_SEARCH_USER_PATHS = NO;
				CLANG_ANALYZER_LOCALIZABILITY_NONLOCALIZED = YES;
				CLANG_CXX_LANGUAGE_STANDARD = "gnu++0x";
				CLANG_CXX_LIBRARY = "libc++";
				CLANG_ENABLE_MODULES = YES;
				CLANG_ENABLE_OBJC_ARC = YES;
				CLANG_WARN_BLOCK_CAPTURE_AUTORELEASING = YES;
				CLANG_WARN_BOOL_CONVERSION = YES;
				CLANG_WARN_COMMA = YES;
				CLANG_WARN_CONSTANT_CONVERSION = YES;
				CLANG_WARN_DEPRECATED_OBJC_IMPLEMENTATIONS = YES;
				CLANG_WARN_DIRECT_OBJC_ISA_USAGE = YES_ERROR;
				CLANG_WARN_EMPTY_BODY = YES;
				CLANG_WARN_ENUM_CONVERSION = YES;
				CLANG_WARN_INFINITE_RECURSION = YES;
				CLANG_WARN_INT_CONVERSION = YES;
				CLANG_WARN_NON_LITERAL_NULL_CONVERSION = YES;
				CLANG_WARN_OBJC_IMPLICIT_RETAIN_SELF = YES;
				CLANG_WARN_OBJC_LITERAL_CONVERSION = YES;
				CLANG_WARN_OBJC_ROOT_CLASS = YES_ERROR;
				CLANG_WARN_RANGE_LOOP_ANALYSIS = YES;
				CLANG_WARN_STRICT_PROTOTYPES = YES;
				CLANG_WARN_SUSPICIOUS_MOVE = YES;
				CLANG_WARN_UNREACHABLE_CODE = YES;
				CLANG_WARN__DUPLICATE_METHOD_MATCH = YES;
				"CODE_SIGN_IDENTITY[sdk=iphoneos*]" = "iPhone Developer";
				COPY_PHASE_STRIP = NO;
				ENABLE_STRICT_OBJC_MSGSEND = YES;
				ENABLE_TESTABILITY = YES;
				GCC_C_LANGUAGE_STANDARD = gnu99;
				GCC_DYNAMIC_NO_PIC = NO;
				GCC_NO_COMMON_BLOCKS = YES;
				GCC_OPTIMIZATION_LEVEL = 0;
				GCC_PREPROCESSOR_DEFINITIONS = (
					"DEBUG=1",
					"$(inherited)",
				);
				GCC_SYMBOLS_PRIVATE_EXTERN = NO;
				GCC_WARN_64_TO_32_BIT_CONVERSION = YES;
				GCC_WARN_ABOUT_RETURN_TYPE = YES_ERROR;
				GCC_WARN_UNDECLARED_SELECTOR = YES;
				GCC_WARN_UNINITIALIZED_AUTOS = YES_AGGRESSIVE;
				GCC_WARN_UNUSED_FUNCTION = YES;
				GCC_WARN_UNUSED_VARIABLE = YES;
				IPHONEOS_DEPLOYMENT_TARGET = 13.1;
				ONLY_ACTIVE_ARCH = YES;
				SDKROOT = iphoneos;
				TARGETED_DEVICE_FAMILY = "1,2";
			};
			name = Debug;
		};
		FC2BD16119B23CC0003ECABA /* Release */ = {
			isa = XCBuildConfiguration;
			buildSettings = {
				ALWAYS_SEARCH_USER_PATHS = NO;
				CLANG_ANALYZER_LOCALIZABILITY_NONLOCALIZED = YES;
				CLANG_CXX_LANGUAGE_STANDARD = "gnu++0x";
				CLANG_CXX_LIBRARY = "libc++";
				CLANG_ENABLE_MODULES = YES;
				CLANG_ENABLE_OBJC_ARC = YES;
				CLANG_WARN_BLOCK_CAPTURE_AUTORELEASING = YES;
				CLANG_WARN_BOOL_CONVERSION = YES;
				CLANG_WARN_COMMA = YES;
				CLANG_WARN_CONSTANT_CONVERSION = YES;
				CLANG_WARN_DEPRECATED_OBJC_IMPLEMENTATIONS = YES;
				CLANG_WARN_DIRECT_OBJC_ISA_USAGE = YES_ERROR;
				CLANG_WARN_EMPTY_BODY = YES;
				CLANG_WARN_ENUM_CONVERSION = YES;
				CLANG_WARN_INFINITE_RECURSION = YES;
				CLANG_WARN_INT_CONVERSION = YES;
				CLANG_WARN_NON_LITERAL_NULL_CONVERSION = YES;
				CLANG_WARN_OBJC_IMPLICIT_RETAIN_SELF = YES;
				CLANG_WARN_OBJC_LITERAL_CONVERSION = YES;
				CLANG_WARN_OBJC_ROOT_CLASS = YES_ERROR;
				CLANG_WARN_RANGE_LOOP_ANALYSIS = YES;
				CLANG_WARN_STRICT_PROTOTYPES = YES;
				CLANG_WARN_SUSPICIOUS_MOVE = YES;
				CLANG_WARN_UNREACHABLE_CODE = YES;
				CLANG_WARN__DUPLICATE_METHOD_MATCH = YES;
				"CODE_SIGN_IDENTITY[sdk=iphoneos*]" = "iPhone Developer";
				COPY_PHASE_STRIP = YES;
				ENABLE_NS_ASSERTIONS = NO;
				ENABLE_STRICT_OBJC_MSGSEND = YES;
				GCC_C_LANGUAGE_STANDARD = gnu99;
				GCC_NO_COMMON_BLOCKS = YES;
				GCC_WARN_64_TO_32_BIT_CONVERSION = YES;
				GCC_WARN_ABOUT_RETURN_TYPE = YES_ERROR;
				GCC_WARN_UNDECLARED_SELECTOR = YES;
				GCC_WARN_UNINITIALIZED_AUTOS = YES_AGGRESSIVE;
				GCC_WARN_UNUSED_FUNCTION = YES;
				GCC_WARN_UNUSED_VARIABLE = YES;
				IPHONEOS_DEPLOYMENT_TARGET = 13.1;
				SDKROOT = iphoneos;
				SWIFT_COMPILATION_MODE = wholemodule;
				TARGETED_DEVICE_FAMILY = "1,2";
				VALIDATE_PRODUCT = YES;
			};
			name = Release;
		};
		FC2BD16319B23CC0003ECABA /* Debug */ = {
			isa = XCBuildConfiguration;
			baseConfigurationReference = 6877C94D107D3BEA4B262575 /* Pods-Seafood Guide.debug.xcconfig */;
			buildSettings = {
				ASSETCATALOG_COMPILER_APPICON_NAME = AppIcon;
				CLANG_ENABLE_MODULES = YES;
				CLANG_WARN_BOOL_CONVERSION = NO;
				CLANG_WARN_CONSTANT_CONVERSION = NO;
				CLANG_WARN_ENUM_CONVERSION = NO;
				CLANG_WARN_INT_CONVERSION = NO;
				CODE_SIGN_IDENTITY = "iPhone Developer";
				"CODE_SIGN_IDENTITY[sdk=iphoneos*]" = "iPhone Developer";
				CURRENT_PROJECT_VERSION = 7.0.5;
				GCC_PRECOMPILE_PREFIX_HEADER = YES;
				GCC_PREFIX_HEADER = "Seafood Guide/Seafood Guide-Prefix.pch";
				GCC_WARN_64_TO_32_BIT_CONVERSION = YES;
				GCC_WARN_UNINITIALIZED_AUTOS = NO;
				HEADER_SEARCH_PATHS = (
					"$(inherited)",
					/Applications/Xcode.app/Contents/Developer/Toolchains/XcodeDefault.xctoolchain/usr/include,
					"$(SDK_DIR)\"/usr/include/libxml2",
				);
				INFOPLIST_FILE = "Seafood Guide/Seafood Guide-Info.plist";
				IPHONEOS_DEPLOYMENT_TARGET = 11.1;
				LD_RUNPATH_SEARCH_PATHS = "$(inherited) @executable_path/Frameworks";
				MARKETING_VERSION = 7.0.5;
				PRODUCT_BUNDLE_IDENTIFIER = "com.jonbrown.org.${PRODUCT_NAME:rfc1034identifier}";
				PRODUCT_NAME = "$(TARGET_NAME)";
				PROVISIONING_PROFILE = "";
				SWIFT_OBJC_BRIDGING_HEADER = "Seafood Guide/Seafood Guide-Bridging-Header.h";
				SWIFT_OPTIMIZATION_LEVEL = "-Onone";
				SWIFT_VERSION = 5.0;
				TARGETED_DEVICE_FAMILY = 1;
				WRAPPER_EXTENSION = app;
			};
			name = Debug;
		};
		FC2BD16419B23CC0003ECABA /* Release */ = {
			isa = XCBuildConfiguration;
			baseConfigurationReference = D9F6403A4CD36BDC8E37CC0E /* Pods-Seafood Guide.release.xcconfig */;
			buildSettings = {
				ASSETCATALOG_COMPILER_APPICON_NAME = AppIcon;
				CLANG_ENABLE_MODULES = YES;
				CLANG_WARN_BOOL_CONVERSION = NO;
				CLANG_WARN_CONSTANT_CONVERSION = NO;
				CLANG_WARN_ENUM_CONVERSION = NO;
				CLANG_WARN_INT_CONVERSION = NO;
				CODE_SIGN_IDENTITY = "iPhone Developer";
				"CODE_SIGN_IDENTITY[sdk=iphoneos*]" = "iPhone Developer";
				CURRENT_PROJECT_VERSION = 7.0.5;
				GCC_PRECOMPILE_PREFIX_HEADER = YES;
				GCC_PREFIX_HEADER = "Seafood Guide/Seafood Guide-Prefix.pch";
				GCC_WARN_64_TO_32_BIT_CONVERSION = YES;
				GCC_WARN_UNINITIALIZED_AUTOS = NO;
				HEADER_SEARCH_PATHS = (
					"$(inherited)",
					/Applications/Xcode.app/Contents/Developer/Toolchains/XcodeDefault.xctoolchain/usr/include,
					"$(SDK_DIR)\"/usr/include/libxml2",
				);
				INFOPLIST_FILE = "Seafood Guide/Seafood Guide-Info.plist";
				IPHONEOS_DEPLOYMENT_TARGET = 11.1;
				LD_RUNPATH_SEARCH_PATHS = "$(inherited) @executable_path/Frameworks";
				MARKETING_VERSION = 7.0.5;
				PRODUCT_BUNDLE_IDENTIFIER = "com.jonbrown.org.${PRODUCT_NAME:rfc1034identifier}";
				PRODUCT_NAME = "$(TARGET_NAME)";
				PROVISIONING_PROFILE = "";
				SWIFT_OBJC_BRIDGING_HEADER = "Seafood Guide/Seafood Guide-Bridging-Header.h";
				SWIFT_VERSION = 5.0;
				TARGETED_DEVICE_FAMILY = 1;
				WRAPPER_EXTENSION = app;
			};
			name = Release;
		};
		FC2BD16619B23CC0003ECABA /* Debug */ = {
			isa = XCBuildConfiguration;
			baseConfigurationReference = F8B625D1AA136F8869C38D44 /* Pods-Seafood GuideTests.debug.xcconfig */;
			buildSettings = {
				ALWAYS_EMBED_SWIFT_STANDARD_LIBRARIES = YES;
				BUNDLE_LOADER = "$(BUILT_PRODUCTS_DIR)/Seafood Guide.app/Seafood Guide";
				FRAMEWORK_SEARCH_PATHS = (
					"$(SDKROOT)/Developer/Library/Frameworks",
					"$(inherited)",
					"$(DEVELOPER_FRAMEWORKS_DIR)",
				);
				GCC_PRECOMPILE_PREFIX_HEADER = YES;
				GCC_PREFIX_HEADER = "Seafood Guide/Seafood Guide-Prefix.pch";
				GCC_PREPROCESSOR_DEFINITIONS = (
					"DEBUG=1",
					"$(inherited)",
				);
				INFOPLIST_FILE = "Seafood GuideTests/Seafood GuideTests-Info.plist";
				PRODUCT_NAME = "$(TARGET_NAME)";
				TEST_HOST = "$(BUNDLE_LOADER)";
				WRAPPER_EXTENSION = xctest;
			};
			name = Debug;
		};
		FC2BD16719B23CC0003ECABA /* Release */ = {
			isa = XCBuildConfiguration;
			baseConfigurationReference = CAC15469CCE5A05EC42FD6B7 /* Pods-Seafood GuideTests.release.xcconfig */;
			buildSettings = {
				ALWAYS_EMBED_SWIFT_STANDARD_LIBRARIES = YES;
				BUNDLE_LOADER = "$(BUILT_PRODUCTS_DIR)/Seafood Guide.app/Seafood Guide";
				FRAMEWORK_SEARCH_PATHS = (
					"$(SDKROOT)/Developer/Library/Frameworks",
					"$(inherited)",
					"$(DEVELOPER_FRAMEWORKS_DIR)",
				);
				GCC_PRECOMPILE_PREFIX_HEADER = YES;
				GCC_PREFIX_HEADER = "Seafood Guide/Seafood Guide-Prefix.pch";
				INFOPLIST_FILE = "Seafood GuideTests/Seafood GuideTests-Info.plist";
				PRODUCT_NAME = "$(TARGET_NAME)";
				TEST_HOST = "$(BUNDLE_LOADER)";
				WRAPPER_EXTENSION = xctest;
			};
			name = Release;
		};
/* End XCBuildConfiguration section */

/* Begin XCConfigurationList section */
		FC2BD12519B23CBF003ECABA /* Build configuration list for PBXProject "Seafood Guide" */ = {
			isa = XCConfigurationList;
			buildConfigurations = (
				FC2BD16019B23CC0003ECABA /* Debug */,
				FC2BD16119B23CC0003ECABA /* Release */,
			);
			defaultConfigurationIsVisible = 0;
			defaultConfigurationName = Release;
		};
		FC2BD16219B23CC0003ECABA /* Build configuration list for PBXNativeTarget "Seafood Guide" */ = {
			isa = XCConfigurationList;
			buildConfigurations = (
				FC2BD16319B23CC0003ECABA /* Debug */,
				FC2BD16419B23CC0003ECABA /* Release */,
			);
			defaultConfigurationIsVisible = 0;
			defaultConfigurationName = Release;
		};
		FC2BD16519B23CC0003ECABA /* Build configuration list for PBXNativeTarget "Seafood GuideTests" */ = {
			isa = XCConfigurationList;
			buildConfigurations = (
				FC2BD16619B23CC0003ECABA /* Debug */,
				FC2BD16719B23CC0003ECABA /* Release */,
			);
			defaultConfigurationIsVisible = 0;
			defaultConfigurationName = Release;
		};
/* End XCConfigurationList section */

/* Begin XCVersionGroup section */
		FC4E643319EB4B7C0079C0A3 /* Seafood_Guide.xcdatamodeld */ = {
			isa = XCVersionGroup;
			children = (
				FC4E643419EB4B7C0079C0A3 /* Seafood_Guide.xcdatamodel */,
			);
			currentVersion = FC4E643419EB4B7C0079C0A3 /* Seafood_Guide.xcdatamodel */;
			name = Seafood_Guide.xcdatamodeld;
			path = "Data Model/Seafood_Guide.xcdatamodeld";
			sourceTree = "<group>";
			versionGroupType = wrapper.xcdatamodel;
		};
/* End XCVersionGroup section */
	};
	rootObject = FC2BD12219B23CBF003ECABA /* Project object */;
}
